
Microsoft Visual Studio Solution File, Format Version 11.00
# Visual Studio 2010
Project("{FAE04EC0-301F-11D3-BF4B-00C04F79EFBC}") = "Assembly-CSharp", "Assembly-CSharp.csproj", "{fcdb9e8b-57b5-4a19-4ec7-e905aeb8f46f}"
EndProject
Project("{FAE04EC0-301F-11D3-BF4B-00C04F79EFBC}") = "Assembly-CSharp-Editor", "Assembly-CSharp-Editor.csproj", "{3442bf02-49c3-7662-563f-0d21fde0177e}"
EndProject
Global
	GlobalSection(SolutionConfigurationPlatforms) = preSolution
		Debug|Any CPU = Debug|Any CPU
	EndGlobalSection
	GlobalSection(ProjectConfigurationPlatforms) = postSolution
		{fcdb9e8b-57b5-4a19-4ec7-e905aeb8f46f}.Debug|Any CPU.ActiveCfg = Debug|Any CPU
		{fcdb9e8b-57b5-4a19-4ec7-e905aeb8f46f}.Debug|Any CPU.Build.0 = Debug|Any CPU
		{3442bf02-49c3-7662-563f-0d21fde0177e}.Debug|Any CPU.ActiveCfg = Debug|Any CPU
		{3442bf02-49c3-7662-563f-0d21fde0177e}.Debug|Any CPU.Build.0 = Debug|Any CPU
	EndGlobalSection
	GlobalSection(SolutionProperties) = preSolution
		HideSolutionNode = FALSE
	EndGlobalSection
EndGlobal
